
Microsoft Visual Studio Solution File, Format Version 12.00
# Visual Studio Version 17
VisualStudioVersion = 17.6.33723.286
MinimumVisualStudioVersion = 10.0.40219.1
Project("{FAE04EC0-301F-11D3-BF4B-00C04F79EFBC}") = "NewProjectAmcom", "NewProjectAmcom\NewProjectAmcom.csproj", "{5E8FE332-09DB-4979-A07B-4256F471A1BB}"
EndProject
Global
	GlobalSection(SolutionConfigurationPlatforms) = preSolution
		Debug|Any CPU = Debug|Any CPU
		Release|Any CPU = Release|Any CPU
	EndGlobalSection
	GlobalSection(ProjectConfigurationPlatforms) = postSolution
		{5E8FE332-09DB-4979-A07B-4256F471A1BB}.Debug|Any CPU.ActiveCfg = Debug|Any CPU
		{5E8FE332-09DB-4979-A07B-4256F471A1BB}.Debug|Any CPU.Build.0 = Debug|Any CPU
		{5E8FE332-09DB-4979-A07B-4256F471A1BB}.Release|Any CPU.ActiveCfg = Release|Any CPU
		{5E8FE332-09DB-4979-A07B-4256F471A1BB}.Release|Any CPU.Build.0 = Release|Any CPU
	EndGlobalSection
	GlobalSection(SolutionProperties) = preSolution
		HideSolutionNode = FALSE
	EndGlobalSection
	GlobalSection(ExtensibilityGlobals) = postSolution
		SolutionGuid = {CE310597-CA22-4876-8BFD-1C1A247C0A35}
	EndGlobalSection
EndGlobal
